
Microsoft Visual Studio Solution File, Format Version 12.00
# Visual Studio Version 16
VisualStudioVersion = 16.0.31313.79
MinimumVisualStudioVersion = 10.0.40219.1
Project("{9A19103F-16F7-4668-BE54-9A1E7A4F7556}") = "ProEventos.API", "ProEventos.API\ProEventos.API.csproj", "{770B03B5-F35B-4844-A49C-2FFF5117F5BD}"
EndProject
Project("{2150E333-8FDC-42A3-9474-1A3956D46DE8}") = "dsds", "dsds", "{893DD46C-1949-4840-9B19-D5468C96B0E9}"
EndProject
Global
	GlobalSection(SolutionConfigurationPlatforms) = preSolution
		Debug|Any CPU = Debug|Any CPU
		Debug|x64 = Debug|x64
		Debug|x86 = Debug|x86
		Release|Any CPU = Release|Any CPU
		Release|x64 = Release|x64
		Release|x86 = Release|x86
	EndGlobalSection
	GlobalSection(ProjectConfigurationPlatforms) = postSolution
		{770B03B5-F35B-4844-A49C-2FFF5117F5BD}.Debug|Any CPU.ActiveCfg = Debug|Any CPU
		{770B03B5-F35B-4844-A49C-2FFF5117F5BD}.Debug|Any CPU.Build.0 = Debug|Any CPU
		{770B03B5-F35B-4844-A49C-2FFF5117F5BD}.Debug|x64.ActiveCfg = Debug|Any CPU
		{770B03B5-F35B-4844-A49C-2FFF5117F5BD}.Debug|x64.Build.0 = Debug|Any CPU
		{770B03B5-F35B-4844-A49C-2FFF5117F5BD}.Debug|x86.ActiveCfg = Debug|Any CPU
		{770B03B5-F35B-4844-A49C-2FFF5117F5BD}.Debug|x86.Build.0 = Debug|Any CPU
		{770B03B5-F35B-4844-A49C-2FFF5117F5BD}.Release|Any CPU.ActiveCfg = Release|Any CPU
		{770B03B5-F35B-4844-A49C-2FFF5117F5BD}.Release|Any CPU.Build.0 = Release|Any CPU
		{770B03B5-F35B-4844-A49C-2FFF5117F5BD}.Release|x64.ActiveCfg = Release|Any CPU
		{770B03B5-F35B-4844-A49C-2FFF5117F5BD}.Release|x64.Build.0 = Release|Any CPU
		{770B03B5-F35B-4844-A49C-2FFF5117F5BD}.Release|x86.ActiveCfg = Release|Any CPU
		{770B03B5-F35B-4844-A49C-2FFF5117F5BD}.Release|x86.Build.0 = Release|Any CPU
	EndGlobalSection
	GlobalSection(SolutionProperties) = preSolution
		HideSolutionNode = FALSE
	EndGlobalSection
	GlobalSection(ExtensibilityGlobals) = postSolution
		SolutionGuid = {4AFBB5DF-E4ED-460C-8437-5C5280CD957A}
	EndGlobalSection
EndGlobal
